
Microsoft Visual Studio Solution File, Format Version 12.00
# Visual Studio Version 17
VisualStudioVersion = 17.12.35707.178
MinimumVisualStudioVersion = 10.0.40219.1
Project("{FAE04EC0-301F-11D3-BF4B-00C04F79EFBC}") = "exercicio02", "exercicio02\exercicio02.csproj", "{760C7281-77AA-4F7F-AF3B-73D70AD9C9FB}"
EndProject
Project("{FAE04EC0-301F-11D3-BF4B-00C04F79EFBC}") = "exercicio3", "exercicio3\exercicio3.csproj", "{290E19F6-74E8-42C1-821D-32CC7111ED45}"
EndProject
Global
	GlobalSection(SolutionConfigurationPlatforms) = preSolution
		Debug|Any CPU = Debug|Any CPU
		Release|Any CPU = Release|Any CPU
	EndGlobalSection
	GlobalSection(ProjectConfigurationPlatforms) = postSolution
		{760C7281-77AA-4F7F-AF3B-73D70AD9C9FB}.Debug|Any CPU.ActiveCfg = Debug|Any CPU
		{760C7281-77AA-4F7F-AF3B-73D70AD9C9FB}.Debug|Any CPU.Build.0 = Debug|Any CPU
		{760C7281-77AA-4F7F-AF3B-73D70AD9C9FB}.Release|Any CPU.ActiveCfg = Release|Any CPU
		{760C7281-77AA-4F7F-AF3B-73D70AD9C9FB}.Release|Any CPU.Build.0 = Release|Any CPU
		{290E19F6-74E8-42C1-821D-32CC7111ED45}.Debug|Any CPU.ActiveCfg = Debug|Any CPU
		{290E19F6-74E8-42C1-821D-32CC7111ED45}.Debug|Any CPU.Build.0 = Debug|Any CPU
		{290E19F6-74E8-42C1-821D-32CC7111ED45}.Release|Any CPU.ActiveCfg = Release|Any CPU
		{290E19F6-74E8-42C1-821D-32CC7111ED45}.Release|Any CPU.Build.0 = Release|Any CPU
	EndGlobalSection
	GlobalSection(SolutionProperties) = preSolution
		HideSolutionNode = FALSE
	EndGlobalSection
EndGlobal
